
Microsoft Visual Studio Solution File, Format Version 12.00
Project("{FAE04EC0-301F-11D3-BF4B-00C04F79EFBC}") = "Animo.API", "Animo.API\Animo.API.csproj", "{56F43B8F-290F-4F29-9315-28D8EAA9E989}"
EndProject
Project("{2150E333-8FDC-42A3-9474-1A3956D46DE8}") = "src", "src", "{491BD3CB-8971-47EC-B45C-FF8573E43F39}"
EndProject
Project("{2150E333-8FDC-42A3-9474-1A3956D46DE8}") = "API", "API", "{128A1979-3710-4A21-8B42-8E4416E8FBA7}"
EndProject
Project("{2150E333-8FDC-42A3-9474-1A3956D46DE8}") = "Core", "Core", "{480FA433-8765-4868-8B91-91707EC1ABB1}"
EndProject
Project("{2150E333-8FDC-42A3-9474-1A3956D46DE8}") = "Application", "Application", "{D806722B-5008-4F87-B0A4-A71EB1F41EB2}"
EndProject
Project("{2150E333-8FDC-42A3-9474-1A3956D46DE8}") = "Domain", "Domain", "{59CE8B60-7E96-46E0-BB83-69B25C948F49}"
EndProject
Project("{2150E333-8FDC-42A3-9474-1A3956D46DE8}") = "Infrastructure", "Infrastructure", "{1E8C5997-BC5A-489F-9487-57F551FA3F3A}"
EndProject
Project("{FAE04EC0-301F-11D3-BF4B-00C04F79EFBC}") = "Animo.Application", "Animo.Application\Animo.Application.csproj", "{271BD430-53CB-4056-B8CC-86C123D5CAC1}"
EndProject
Project("{FAE04EC0-301F-11D3-BF4B-00C04F79EFBC}") = "Animo.Domain", "Animo.Domain\Animo.Domain.csproj", "{7789BDB9-241C-4D37-BCFF-03E407320002}"
EndProject
Project("{FAE04EC0-301F-11D3-BF4B-00C04F79EFBC}") = "Infrastructure", "Infrastructure\Infrastructure.csproj", "{7B391602-24B2-429E-94F4-0882A9CD5779}"
EndProject
Global
	GlobalSection(SolutionConfigurationPlatforms) = preSolution
		Debug|Any CPU = Debug|Any CPU
		Release|Any CPU = Release|Any CPU
	EndGlobalSection
	GlobalSection(ProjectConfigurationPlatforms) = postSolution
		{56F43B8F-290F-4F29-9315-28D8EAA9E989}.Debug|Any CPU.ActiveCfg = Debug|Any CPU
		{56F43B8F-290F-4F29-9315-28D8EAA9E989}.Debug|Any CPU.Build.0 = Debug|Any CPU
		{56F43B8F-290F-4F29-9315-28D8EAA9E989}.Release|Any CPU.ActiveCfg = Release|Any CPU
		{56F43B8F-290F-4F29-9315-28D8EAA9E989}.Release|Any CPU.Build.0 = Release|Any CPU
		{271BD430-53CB-4056-B8CC-86C123D5CAC1}.Debug|Any CPU.ActiveCfg = Debug|Any CPU
		{271BD430-53CB-4056-B8CC-86C123D5CAC1}.Debug|Any CPU.Build.0 = Debug|Any CPU
		{271BD430-53CB-4056-B8CC-86C123D5CAC1}.Release|Any CPU.ActiveCfg = Release|Any CPU
		{271BD430-53CB-4056-B8CC-86C123D5CAC1}.Release|Any CPU.Build.0 = Release|Any CPU
		{7789BDB9-241C-4D37-BCFF-03E407320002}.Debug|Any CPU.ActiveCfg = Debug|Any CPU
		{7789BDB9-241C-4D37-BCFF-03E407320002}.Debug|Any CPU.Build.0 = Debug|Any CPU
		{7789BDB9-241C-4D37-BCFF-03E407320002}.Release|Any CPU.ActiveCfg = Release|Any CPU
		{7789BDB9-241C-4D37-BCFF-03E407320002}.Release|Any CPU.Build.0 = Release|Any CPU
		{7B391602-24B2-429E-94F4-0882A9CD5779}.Debug|Any CPU.ActiveCfg = Debug|Any CPU
		{7B391602-24B2-429E-94F4-0882A9CD5779}.Debug|Any CPU.Build.0 = Debug|Any CPU
		{7B391602-24B2-429E-94F4-0882A9CD5779}.Release|Any CPU.ActiveCfg = Release|Any CPU
		{7B391602-24B2-429E-94F4-0882A9CD5779}.Release|Any CPU.Build.0 = Release|Any CPU
	EndGlobalSection
	GlobalSection(NestedProjects) = preSolution
		{128A1979-3710-4A21-8B42-8E4416E8FBA7} = {491BD3CB-8971-47EC-B45C-FF8573E43F39}
		{56F43B8F-290F-4F29-9315-28D8EAA9E989} = {128A1979-3710-4A21-8B42-8E4416E8FBA7}
		{480FA433-8765-4868-8B91-91707EC1ABB1} = {491BD3CB-8971-47EC-B45C-FF8573E43F39}
		{D806722B-5008-4F87-B0A4-A71EB1F41EB2} = {480FA433-8765-4868-8B91-91707EC1ABB1}
		{59CE8B60-7E96-46E0-BB83-69B25C948F49} = {480FA433-8765-4868-8B91-91707EC1ABB1}
		{1E8C5997-BC5A-489F-9487-57F551FA3F3A} = {491BD3CB-8971-47EC-B45C-FF8573E43F39}
		{271BD430-53CB-4056-B8CC-86C123D5CAC1} = {D806722B-5008-4F87-B0A4-A71EB1F41EB2}
		{7789BDB9-241C-4D37-BCFF-03E407320002} = {59CE8B60-7E96-46E0-BB83-69B25C948F49}
		{7B391602-24B2-429E-94F4-0882A9CD5779} = {1E8C5997-BC5A-489F-9487-57F551FA3F3A}
	EndGlobalSection
EndGlobal
